
Microsoft Visual Studio Solution File, Format Version 12.00
# Visual Studio Version 16
VisualStudioVersion = 16.0.31624.102
MinimumVisualStudioVersion = 10.0.40219.1
Project("{FAE04EC0-301F-11D3-BF4B-00C04F79EFBC}") = "ConsoleAppADS_2", "ConsoleAppADS_2\ConsoleAppADS_2.csproj", "{4C9ACA1A-6047-4AB1-B526-9E725BACE4EC}"
EndProject
Global
	GlobalSection(SolutionConfigurationPlatforms) = preSolution
		Debug|Any CPU = Debug|Any CPU
		Release|Any CPU = Release|Any CPU
	EndGlobalSection
	GlobalSection(ProjectConfigurationPlatforms) = postSolution
		{4C9ACA1A-6047-4AB1-B526-9E725BACE4EC}.Debug|Any CPU.ActiveCfg = Debug|Any CPU
		{4C9ACA1A-6047-4AB1-B526-9E725BACE4EC}.Debug|Any CPU.Build.0 = Debug|Any CPU
		{4C9ACA1A-6047-4AB1-B526-9E725BACE4EC}.Release|Any CPU.ActiveCfg = Release|Any CPU
		{4C9ACA1A-6047-4AB1-B526-9E725BACE4EC}.Release|Any CPU.Build.0 = Release|Any CPU
	EndGlobalSection
	GlobalSection(SolutionProperties) = preSolution
		HideSolutionNode = FALSE
	EndGlobalSection
	GlobalSection(ExtensibilityGlobals) = postSolution
		SolutionGuid = {35B03D0D-A73B-4D42-9F39-85918B7E941D}
	EndGlobalSection
EndGlobal
