
Microsoft Visual Studio Solution File, Format Version 12.00
# Visual Studio Version 16
VisualStudioVersion = 16.0.31624.102
MinimumVisualStudioVersion = 10.0.40219.1
Project("{FAE04EC0-301F-11D3-BF4B-00C04F79EFBC}") = "ConsoleAppADS_2__", "ConsoleAppADS_2__\ConsoleAppADS_2__.csproj", "{95C4C1BF-1FB3-4B17-BAF7-376FC5D59906}"
EndProject
Global
	GlobalSection(SolutionConfigurationPlatforms) = preSolution
		Debug|Any CPU = Debug|Any CPU
		Release|Any CPU = Release|Any CPU
	EndGlobalSection
	GlobalSection(ProjectConfigurationPlatforms) = postSolution
		{95C4C1BF-1FB3-4B17-BAF7-376FC5D59906}.Debug|Any CPU.ActiveCfg = Debug|Any CPU
		{95C4C1BF-1FB3-4B17-BAF7-376FC5D59906}.Debug|Any CPU.Build.0 = Debug|Any CPU
		{95C4C1BF-1FB3-4B17-BAF7-376FC5D59906}.Release|Any CPU.ActiveCfg = Release|Any CPU
		{95C4C1BF-1FB3-4B17-BAF7-376FC5D59906}.Release|Any CPU.Build.0 = Release|Any CPU
	EndGlobalSection
	GlobalSection(SolutionProperties) = preSolution
		HideSolutionNode = FALSE
	EndGlobalSection
	GlobalSection(ExtensibilityGlobals) = postSolution
		SolutionGuid = {260E3B01-825F-4F26-B5D2-80F87513029E}
	EndGlobalSection
EndGlobal
